
Microsoft Visual Studio Solution File, Format Version 12.00
# Visual Studio 15
VisualStudioVersion = 15.0.28307.1300
MinimumVisualStudioVersion = 10.0.40219.1
Project("{FAE04EC0-301F-11D3-BF4B-00C04F79EFBC}") = "ConsoleApp2", "ConsoleApp2\ConsoleApp2.csproj", "{CAA746D6-83AB-44FA-9ECE-243F1A4F7559}"
EndProject
Global
	GlobalSection(SolutionConfigurationPlatforms) = preSolution
		Debug|Any CPU = Debug|Any CPU
		Release|Any CPU = Release|Any CPU
	EndGlobalSection
	GlobalSection(ProjectConfigurationPlatforms) = postSolution
		{CAA746D6-83AB-44FA-9ECE-243F1A4F7559}.Debug|Any CPU.ActiveCfg = Debug|Any CPU
		{CAA746D6-83AB-44FA-9ECE-243F1A4F7559}.Debug|Any CPU.Build.0 = Debug|Any CPU
		{CAA746D6-83AB-44FA-9ECE-243F1A4F7559}.Release|Any CPU.ActiveCfg = Release|Any CPU
		{CAA746D6-83AB-44FA-9ECE-243F1A4F7559}.Release|Any CPU.Build.0 = Release|Any CPU
	EndGlobalSection
	GlobalSection(SolutionProperties) = preSolution
		HideSolutionNode = FALSE
	EndGlobalSection
	GlobalSection(ExtensibilityGlobals) = postSolution
		SolutionGuid = {79CE29B1-3507-4027-90A6-90DC3D9E9C33}
	EndGlobalSection
EndGlobal
